
Microsoft Visual Studio Solution File, Format Version 12.00
# Visual Studio Version 17
VisualStudioVersion = 17.4.33110.190
MinimumVisualStudioVersion = 10.0.40219.1
Project("{FAE04EC0-301F-11D3-BF4B-00C04F79EFBC}") = "Palindromix", "Palindromix\Palindromix.csproj", "{FDDEA8E3-579C-481F-8ABD-E730E582CDE1}"
EndProject
Global
	GlobalSection(SolutionConfigurationPlatforms) = preSolution
		Debug|Any CPU = Debug|Any CPU
		Release|Any CPU = Release|Any CPU
	EndGlobalSection
	GlobalSection(ProjectConfigurationPlatforms) = postSolution
		{FDDEA8E3-579C-481F-8ABD-E730E582CDE1}.Debug|Any CPU.ActiveCfg = Debug|Any CPU
		{FDDEA8E3-579C-481F-8ABD-E730E582CDE1}.Debug|Any CPU.Build.0 = Debug|Any CPU
		{FDDEA8E3-579C-481F-8ABD-E730E582CDE1}.Release|Any CPU.ActiveCfg = Release|Any CPU
		{FDDEA8E3-579C-481F-8ABD-E730E582CDE1}.Release|Any CPU.Build.0 = Release|Any CPU
	EndGlobalSection
	GlobalSection(SolutionProperties) = preSolution
		HideSolutionNode = FALSE
	EndGlobalSection
	GlobalSection(ExtensibilityGlobals) = postSolution
		SolutionGuid = {4606E739-BF4C-412E-A2E8-788894990831}
	EndGlobalSection
EndGlobal
